
Microsoft Visual Studio Solution File, Format Version 12.00
# Visual Studio Version 17
VisualStudioVersion = 17.13.35931.197 d17.13
MinimumVisualStudioVersion = 10.0.40219.1
Project("{FAE04EC0-301F-11D3-BF4B-00C04F79EFBC}") = "Assignment1", "Assignment1\Assignment1.csproj", "{BBE9A50A-16B1-40A8-936A-D9757A6CF2F4}"
EndProject
Global
	GlobalSection(SolutionConfigurationPlatforms) = preSolution
		Debug|Any CPU = Debug|Any CPU
		Release|Any CPU = Release|Any CPU
	EndGlobalSection
	GlobalSection(ProjectConfigurationPlatforms) = postSolution
		{BBE9A50A-16B1-40A8-936A-D9757A6CF2F4}.Debug|Any CPU.ActiveCfg = Debug|Any CPU
		{BBE9A50A-16B1-40A8-936A-D9757A6CF2F4}.Debug|Any CPU.Build.0 = Debug|Any CPU
		{BBE9A50A-16B1-40A8-936A-D9757A6CF2F4}.Release|Any CPU.ActiveCfg = Release|Any CPU
		{BBE9A50A-16B1-40A8-936A-D9757A6CF2F4}.Release|Any CPU.Build.0 = Release|Any CPU
	EndGlobalSection
	GlobalSection(SolutionProperties) = preSolution
		HideSolutionNode = FALSE
	EndGlobalSection
	GlobalSection(ExtensibilityGlobals) = postSolution
		SolutionGuid = {15BDC25F-4DD1-4A08-9A03-1AE33B2538CA}
	EndGlobalSection
EndGlobal
