
Microsoft Visual Studio Solution File, Format Version 12.00
# Visual Studio Version 17
VisualStudioVersion = 17.13.35931.197 d17.13
MinimumVisualStudioVersion = 10.0.40219.1
Project("{FAE04EC0-301F-11D3-BF4B-00C04F79EFBC}") = "ExpenseTracker", "Assignment4\ExpenseTracker.csproj", "{DE6A651D-EBB6-4954-AF33-8E850366A95C}"
EndProject
Global
	GlobalSection(SolutionConfigurationPlatforms) = preSolution
		Debug|Any CPU = Debug|Any CPU
		Release|Any CPU = Release|Any CPU
	EndGlobalSection
	GlobalSection(ProjectConfigurationPlatforms) = postSolution
		{DE6A651D-EBB6-4954-AF33-8E850366A95C}.Debug|Any CPU.ActiveCfg = Debug|Any CPU
		{DE6A651D-EBB6-4954-AF33-8E850366A95C}.Debug|Any CPU.Build.0 = Debug|Any CPU
		{DE6A651D-EBB6-4954-AF33-8E850366A95C}.Release|Any CPU.ActiveCfg = Release|Any CPU
		{DE6A651D-EBB6-4954-AF33-8E850366A95C}.Release|Any CPU.Build.0 = Release|Any CPU
	EndGlobalSection
	GlobalSection(SolutionProperties) = preSolution
		HideSolutionNode = FALSE
	EndGlobalSection
	GlobalSection(ExtensibilityGlobals) = postSolution
		SolutionGuid = {20B8E710-0B3B-4487-A6E8-D5FF486915E6}
	EndGlobalSection
EndGlobal
