
Microsoft Visual Studio Solution File, Format Version 12.00
# Visual Studio Version 17
VisualStudioVersion = 17.13.35931.197 d17.13
MinimumVisualStudioVersion = 10.0.40219.1
Project("{FAE04EC0-301F-11D3-BF4B-00C04F79EFBC}") = "FilesAndStreams", "FilesAndStreams.csproj", "{29F3B290-1550-4B73-8817-59BB07A58F7D}"
EndProject
Global
	GlobalSection(SolutionConfigurationPlatforms) = preSolution
		Debug|Any CPU = Debug|Any CPU
		Release|Any CPU = Release|Any CPU
	EndGlobalSection
	GlobalSection(ProjectConfigurationPlatforms) = postSolution
		{29F3B290-1550-4B73-8817-59BB07A58F7D}.Debug|Any CPU.ActiveCfg = Debug|Any CPU
		{29F3B290-1550-4B73-8817-59BB07A58F7D}.Debug|Any CPU.Build.0 = Debug|Any CPU
		{29F3B290-1550-4B73-8817-59BB07A58F7D}.Release|Any CPU.ActiveCfg = Release|Any CPU
		{29F3B290-1550-4B73-8817-59BB07A58F7D}.Release|Any CPU.Build.0 = Release|Any CPU
	EndGlobalSection
	GlobalSection(SolutionProperties) = preSolution
		HideSolutionNode = FALSE
	EndGlobalSection
	GlobalSection(ExtensibilityGlobals) = postSolution
		SolutionGuid = {263231B1-5A44-4D18-89BF-501F7AAA6E36}
	EndGlobalSection
EndGlobal
