
Microsoft Visual Studio Solution File, Format Version 12.00
# Visual Studio Version 17
VisualStudioVersion = 17.13.35931.197
MinimumVisualStudioVersion = 10.0.40219.1
Project("{FAE04EC0-301F-11D3-BF4B-00C04F79EFBC}") = "FilesAndStreams", "FilesAndStreams.csproj", "{29F3B290-1550-4B73-8817-59BB07A58F7D}"
EndProject
Project("{FAE04EC0-301F-11D3-BF4B-00C04F79EFBC}") = "AsyncFileProcessor", "..\AsyncFileProcessor\AsyncFileProcessor.csproj", "{07901519-C901-4B9E-B82D-0618D677FC89}"
EndProject
Project("{FAE04EC0-301F-11D3-BF4B-00C04F79EFBC}") = "IssuesInFileUsage", "..\IssuesInFileUsage\IssuesInFileUsage.csproj", "{0781EB9F-C0DC-46C0-BA27-8EB8B60AC14B}"
EndProject
Project("{FAE04EC0-301F-11D3-BF4B-00C04F79EFBC}") = "LoggingSystem", "..\LoggingSystem\LoggingSystem.csproj", "{32745E25-C8A9-46E3-A819-B2EF2E51A817}"
EndProject
Global
	GlobalSection(SolutionConfigurationPlatforms) = preSolution
		Debug|Any CPU = Debug|Any CPU
		Release|Any CPU = Release|Any CPU
	EndGlobalSection
	GlobalSection(ProjectConfigurationPlatforms) = postSolution
		{29F3B290-1550-4B73-8817-59BB07A58F7D}.Debug|Any CPU.ActiveCfg = Debug|Any CPU
		{29F3B290-1550-4B73-8817-59BB07A58F7D}.Debug|Any CPU.Build.0 = Debug|Any CPU
		{29F3B290-1550-4B73-8817-59BB07A58F7D}.Release|Any CPU.ActiveCfg = Release|Any CPU
		{29F3B290-1550-4B73-8817-59BB07A58F7D}.Release|Any CPU.Build.0 = Release|Any CPU
		{07901519-C901-4B9E-B82D-0618D677FC89}.Debug|Any CPU.ActiveCfg = Debug|Any CPU
		{07901519-C901-4B9E-B82D-0618D677FC89}.Debug|Any CPU.Build.0 = Debug|Any CPU
		{07901519-C901-4B9E-B82D-0618D677FC89}.Release|Any CPU.ActiveCfg = Release|Any CPU
		{07901519-C901-4B9E-B82D-0618D677FC89}.Release|Any CPU.Build.0 = Release|Any CPU
		{0781EB9F-C0DC-46C0-BA27-8EB8B60AC14B}.Debug|Any CPU.ActiveCfg = Debug|Any CPU
		{0781EB9F-C0DC-46C0-BA27-8EB8B60AC14B}.Debug|Any CPU.Build.0 = Debug|Any CPU
		{0781EB9F-C0DC-46C0-BA27-8EB8B60AC14B}.Release|Any CPU.ActiveCfg = Release|Any CPU
		{0781EB9F-C0DC-46C0-BA27-8EB8B60AC14B}.Release|Any CPU.Build.0 = Release|Any CPU
		{32745E25-C8A9-46E3-A819-B2EF2E51A817}.Debug|Any CPU.ActiveCfg = Debug|Any CPU
		{32745E25-C8A9-46E3-A819-B2EF2E51A817}.Debug|Any CPU.Build.0 = Debug|Any CPU
		{32745E25-C8A9-46E3-A819-B2EF2E51A817}.Release|Any CPU.ActiveCfg = Release|Any CPU
		{32745E25-C8A9-46E3-A819-B2EF2E51A817}.Release|Any CPU.Build.0 = Release|Any CPU
	EndGlobalSection
	GlobalSection(SolutionProperties) = preSolution
		HideSolutionNode = FALSE
	EndGlobalSection
	GlobalSection(ExtensibilityGlobals) = postSolution
		SolutionGuid = {263231B1-5A44-4D18-89BF-501F7AAA6E36}
	EndGlobalSection
EndGlobal
